
Microsoft Visual Studio Solution File, Format Version 12.00
# Visual Studio Version 16
VisualStudioVersion = 16.0.30320.27
MinimumVisualStudioVersion = 10.0.40219.1
Project("{FAE04EC0-301F-11D3-BF4B-00C04F79EFBC}") = "Flowers", "Flowers.csproj", "{518EEA38-D99A-4F7F-AE14-905F8BC9D111}"
EndProject
Global
	GlobalSection(SolutionConfigurationPlatforms) = preSolution
		Debug|Any CPU = Debug|Any CPU
		Release|Any CPU = Release|Any CPU
	EndGlobalSection
	GlobalSection(ProjectConfigurationPlatforms) = postSolution
		{518EEA38-D99A-4F7F-AE14-905F8BC9D111}.Debug|Any CPU.ActiveCfg = Debug|Any CPU
		{518EEA38-D99A-4F7F-AE14-905F8BC9D111}.Debug|Any CPU.Build.0 = Debug|Any CPU
		{518EEA38-D99A-4F7F-AE14-905F8BC9D111}.Release|Any CPU.ActiveCfg = Release|Any CPU
		{518EEA38-D99A-4F7F-AE14-905F8BC9D111}.Release|Any CPU.Build.0 = Release|Any CPU
	EndGlobalSection
	GlobalSection(SolutionProperties) = preSolution
		HideSolutionNode = FALSE
	EndGlobalSection
	GlobalSection(ExtensibilityGlobals) = postSolution
		SolutionGuid = {BBEE14FA-DC1B-4F1C-A6B0-213F50A1DA82}
	EndGlobalSection
EndGlobal
